
Microsoft Visual Studio Solution File, Format Version 12.00
# Visual Studio Version 16
VisualStudioVersion = 16.0.29728.190
MinimumVisualStudioVersion = 10.0.40219.1
Project("{FAE04EC0-301F-11D3-BF4B-00C04F79EFBC}") = "IframeExample", "IframeExample\IframeExample.csproj", "{927EC401-7BC1-4A69-8B9D-64D0E336416A}"
EndProject
Global
	GlobalSection(SolutionConfigurationPlatforms) = preSolution
		Debug|Any CPU = Debug|Any CPU
		Release|Any CPU = Release|Any CPU
	EndGlobalSection
	GlobalSection(ProjectConfigurationPlatforms) = postSolution
		{927EC401-7BC1-4A69-8B9D-64D0E336416A}.Debug|Any CPU.ActiveCfg = Debug|Any CPU
		{927EC401-7BC1-4A69-8B9D-64D0E336416A}.Debug|Any CPU.Build.0 = Debug|Any CPU
		{927EC401-7BC1-4A69-8B9D-64D0E336416A}.Release|Any CPU.ActiveCfg = Release|Any CPU
		{927EC401-7BC1-4A69-8B9D-64D0E336416A}.Release|Any CPU.Build.0 = Release|Any CPU
	EndGlobalSection
	GlobalSection(SolutionProperties) = preSolution
		HideSolutionNode = FALSE
	EndGlobalSection
	GlobalSection(ExtensibilityGlobals) = postSolution
		SolutionGuid = {4BCE9292-B3A6-4745-AA6E-5FA24A90C85A}
	EndGlobalSection
EndGlobal
